PODS:
  - liquid-swipe (0.7.0):
    - pop (~> 1.0)
  - pop (1.0.12)
  - SnapKit (5.0.1)

DEPENDENCIES:
  - liquid-swipe
  - SnapKit

SPEC REPOS:
  trunk:
    - liquid-swipe
    - pop
    - SnapKit

SPEC CHECKSUMS:
  liquid-swipe: 850f88c0717fe58ba83f0f571c47a191f29ddc1f
  pop: d582054913807fd11fd50bfe6a539d91c7e1a55a
  SnapKit: 97b92857e3df3a0c71833cce143274bf6ef8e5eb

PODFILE CHECKSUM: a12338ff60f37105af104be617d8ca5c1281ca40

COCOAPODS: 1.10.0
